
Microsoft Visual Studio Solution File, Format Version 12.00
# Visual Studio Version 17
VisualStudioVersion = 17.13.35931.197 d17.13
MinimumVisualStudioVersion = 10.0.40219.1
Project("{8BC9CEB8-8B4A-11D0-8D11-00A0C91BC942}") = "oepncvTest", "oepncvTest\oepncvTest.vcxproj", "{607DFE1E-F87C-4B01-BE03-9C0EEE25627F}"
EndProject
Global
	GlobalSection(SolutionConfigurationPlatforms) = preSolution
		Debug|x64 = Debug|x64
		Debug|x86 = Debug|x86
		Release|x64 = Release|x64
		Release|x86 = Release|x86
	EndGlobalSection
	GlobalSection(ProjectConfigurationPlatforms) = postSolution
		{607DFE1E-F87C-4B01-BE03-9C0EEE25627F}.Debug|x64.ActiveCfg = Debug|x64
		{607DFE1E-F87C-4B01-BE03-9C0EEE25627F}.Debug|x64.Build.0 = Debug|x64
		{607DFE1E-F87C-4B01-BE03-9C0EEE25627F}.Debug|x86.ActiveCfg = Debug|Win32
		{607DFE1E-F87C-4B01-BE03-9C0EEE25627F}.Debug|x86.Build.0 = Debug|Win32
		{607DFE1E-F87C-4B01-BE03-9C0EEE25627F}.Release|x64.ActiveCfg = Release|x64
		{607DFE1E-F87C-4B01-BE03-9C0EEE25627F}.Release|x64.Build.0 = Release|x64
		{607DFE1E-F87C-4B01-BE03-9C0EEE25627F}.Release|x86.ActiveCfg = Release|Win32
		{607DFE1E-F87C-4B01-BE03-9C0EEE25627F}.Release|x86.Build.0 = Release|Win32
	EndGlobalSection
	GlobalSection(SolutionProperties) = preSolution
		HideSolutionNode = FALSE
	EndGlobalSection
	GlobalSection(ExtensibilityGlobals) = postSolution
		SolutionGuid = {F786671B-8C36-4168-949F-5C7E5027D32C}
	EndGlobalSection
EndGlobal
